
Microsoft Visual Studio Solution File, Format Version 12.00
# Visual Studio 15
VisualStudioVersion = 15.0.27703.2042
MinimumVisualStudioVersion = 10.0.40219.1
Project("{9A19103F-16F7-4668-BE54-9A1E7A4F7556}") = "gamerpilotPlatform", "gamerpilotPlatform.csproj", "{D81C937F-E949-48F5-AF73-E7AEE1A5E275}"
EndProject
Global
	GlobalSection(SolutionConfigurationPlatforms) = preSolution
		Debug|Any CPU = Debug|Any CPU
		Release|Any CPU = Release|Any CPU
	EndGlobalSection
	GlobalSection(ProjectConfigurationPlatforms) = postSolution
		{D81C937F-E949-48F5-AF73-E7AEE1A5E275}.Debug|Any CPU.ActiveCfg = Debug|Any CPU
		{D81C937F-E949-48F5-AF73-E7AEE1A5E275}.Debug|Any CPU.Build.0 = Debug|Any CPU
		{D81C937F-E949-48F5-AF73-E7AEE1A5E275}.Release|Any CPU.ActiveCfg = Release|Any CPU
		{D81C937F-E949-48F5-AF73-E7AEE1A5E275}.Release|Any CPU.Build.0 = Release|Any CPU
	EndGlobalSection
	GlobalSection(SolutionProperties) = preSolution
		HideSolutionNode = FALSE
	EndGlobalSection
	GlobalSection(ExtensibilityGlobals) = postSolution
		SolutionGuid = {2215FE86-4041-438E-8CFB-25BFA6642CD2}
	EndGlobalSection
EndGlobal
